{
    "_meta": {
        "hash": {
            "sha256": "f302f79430ff76fb107c2c795445b24ddcad4553e74a18d66d5d4d3691871e3a"
        },
        "pipfile-spec": 6,
        "requires": {
            "python_version": "3.9"
        },
        "sources": [
            {
                "name": "pypi",
                "url": "https://pypi.org/simple",
                "verify_ssl": true
            }
        ]
    },
    "default": {
        "networkx": {
            "hashes": [
                "sha256:15a7b81a360791c458c55a417418ea136c13378cfdc06a2dcdc12bd2f9cf09c1",
                "sha256:a762f4b385692d9c3a6f2912d058d76d29a827deaedf9e63ed14d397b8030687"
            ],
            "index": "pypi",
            "version": "==2.8.5"
        }
    },
    "develop": {}
}
